
Microsoft Visual Studio Solution File, Format Version 12.00
# Visual Studio Version 17
VisualStudioVersion = 17.0.31717.71
MinimumVisualStudioVersion = 10.0.40219.1
Project("{9A19103F-16F7-4668-BE54-9A1E7A4F7556}") = "common-lib", "common-lib\common-lib.csproj", "{E6FBD046-FA37-4C0D-98F4-70009A68AD59}"
EndProject
Project("{00D1A9C2-B5F0-4AF3-8072-F6C62B433612}") = "database", "database\database.sqlproj", "{20FFC99E-4F9E-4E08-875C-15142FD888CD}"
EndProject
Project("{9A19103F-16F7-4668-BE54-9A1E7A4F7556}") = "ingest-func", "function-apps\ingest-func\ingest-func.csproj", "{219F31D3-9A31-422B-B67C-D46C93DC6E68}"
EndProject
Project("{9A19103F-16F7-4668-BE54-9A1E7A4F7556}") = "repository-func", "function-apps\repository-func\repository-func.csproj", "{F3D2394D-BCB3-4D59-A1F0-26AE52F843F4}"
EndProject
Project("{9A19103F-16F7-4668-BE54-9A1E7A4F7556}") = "data-lib", "data-lib\data-lib.csproj", "{DA5EF441-43CF-444E-A05F-210C33BDF1C0}"
EndProject
Global
	GlobalSection(SolutionConfigurationPlatforms) = preSolution
		Debug|Any CPU = Debug|Any CPU
		Release|Any CPU = Release|Any CPU
	EndGlobalSection
	GlobalSection(ProjectConfigurationPlatforms) = postSolution
		{E6FBD046-FA37-4C0D-98F4-70009A68AD59}.Debug|Any CPU.ActiveCfg = Debug|Any CPU
		{E6FBD046-FA37-4C0D-98F4-70009A68AD59}.Debug|Any CPU.Build.0 = Debug|Any CPU
		{E6FBD046-FA37-4C0D-98F4-70009A68AD59}.Release|Any CPU.ActiveCfg = Release|Any CPU
		{E6FBD046-FA37-4C0D-98F4-70009A68AD59}.Release|Any CPU.Build.0 = Release|Any CPU
		{20FFC99E-4F9E-4E08-875C-15142FD888CD}.Debug|Any CPU.ActiveCfg = Debug|Any CPU
		{20FFC99E-4F9E-4E08-875C-15142FD888CD}.Debug|Any CPU.Build.0 = Debug|Any CPU
		{20FFC99E-4F9E-4E08-875C-15142FD888CD}.Debug|Any CPU.Deploy.0 = Debug|Any CPU
		{20FFC99E-4F9E-4E08-875C-15142FD888CD}.Release|Any CPU.ActiveCfg = Release|Any CPU
		{20FFC99E-4F9E-4E08-875C-15142FD888CD}.Release|Any CPU.Build.0 = Release|Any CPU
		{20FFC99E-4F9E-4E08-875C-15142FD888CD}.Release|Any CPU.Deploy.0 = Release|Any CPU
		{219F31D3-9A31-422B-B67C-D46C93DC6E68}.Debug|Any CPU.ActiveCfg = Debug|Any CPU
		{219F31D3-9A31-422B-B67C-D46C93DC6E68}.Debug|Any CPU.Build.0 = Debug|Any CPU
		{219F31D3-9A31-422B-B67C-D46C93DC6E68}.Release|Any CPU.ActiveCfg = Release|Any CPU
		{219F31D3-9A31-422B-B67C-D46C93DC6E68}.Release|Any CPU.Build.0 = Release|Any CPU
		{F3D2394D-BCB3-4D59-A1F0-26AE52F843F4}.Debug|Any CPU.ActiveCfg = Debug|Any CPU
		{F3D2394D-BCB3-4D59-A1F0-26AE52F843F4}.Debug|Any CPU.Build.0 = Debug|Any CPU
		{F3D2394D-BCB3-4D59-A1F0-26AE52F843F4}.Release|Any CPU.ActiveCfg = Release|Any CPU
		{F3D2394D-BCB3-4D59-A1F0-26AE52F843F4}.Release|Any CPU.Build.0 = Release|Any CPU
		{DA5EF441-43CF-444E-A05F-210C33BDF1C0}.Debug|Any CPU.ActiveCfg = Debug|Any CPU
		{DA5EF441-43CF-444E-A05F-210C33BDF1C0}.Debug|Any CPU.Build.0 = Debug|Any CPU
		{DA5EF441-43CF-444E-A05F-210C33BDF1C0}.Release|Any CPU.ActiveCfg = Release|Any CPU
		{DA5EF441-43CF-444E-A05F-210C33BDF1C0}.Release|Any CPU.Build.0 = Release|Any CPU
	EndGlobalSection
	GlobalSection(SolutionProperties) = preSolution
		HideSolutionNode = FALSE
	EndGlobalSection
	GlobalSection(ExtensibilityGlobals) = postSolution
		SolutionGuid = {EE8A46D4-3F77-4029-8B9B-9853D49C7E88}
	EndGlobalSection
EndGlobal
