
Microsoft Visual Studio Solution File, Format Version 12.00
# Visual Studio Version 17
VisualStudioVersion = 17.0.32014.148
MinimumVisualStudioVersion = 10.0.40219.1
Project("{9A19103F-16F7-4668-BE54-9A1E7A4F7556}") = "common-lib", "common-lib\common-lib.csproj", "{E6FBD046-FA37-4C0D-98F4-70009A68AD59}"
EndProject
Project("{00D1A9C2-B5F0-4AF3-8072-F6C62B433612}") = "database", "database\database.sqlproj", "{20FFC99E-4F9E-4E08-875C-15142FD888CD}"
EndProject
Project("{9A19103F-16F7-4668-BE54-9A1E7A4F7556}") = "ingest-func", "function-apps\ingest-func\ingest-func.csproj", "{219F31D3-9A31-422B-B67C-D46C93DC6E68}"
EndProject
Project("{9A19103F-16F7-4668-BE54-9A1E7A4F7556}") = "repository-func", "function-apps\repository-func\repository-func.csproj", "{F3D2394D-BCB3-4D59-A1F0-26AE52F843F4}"
EndProject
Project("{9A19103F-16F7-4668-BE54-9A1E7A4F7556}") = "data-lib", "data-lib\data-lib.csproj", "{DA5EF441-43CF-444E-A05F-210C33BDF1C0}"
EndProject
Project("{9A19103F-16F7-4668-BE54-9A1E7A4F7556}") = "events-func", "function-apps\events-func\events-func.csproj", "{74411F19-8CC1-4C20-9A68-95C0FB056BEC}"
EndProject
Project("{2150E333-8FDC-42A3-9474-1A3956D46DE8}") = "function-apps", "function-apps", "{5D0C3465-A397-49DD-B8AF-1D63D2EE1FA2}"
EndProject
Project("{2150E333-8FDC-42A3-9474-1A3956D46DE8}") = "web-apps", "web-apps", "{302EF151-8BFA-4B62-A19C-901F061EFEC6}"
EndProject
Project("{2150E333-8FDC-42A3-9474-1A3956D46DE8}") = "data", "data", "{0A509F20-F215-4C19-8986-1A72A5FF6C57}"
EndProject
Project("{2150E333-8FDC-42A3-9474-1A3956D46DE8}") = "libraries", "libraries", "{49F31E62-F0C3-4CE6-B16B-4A5AFB79521C}"
EndProject
Project("{9A19103F-16F7-4668-BE54-9A1E7A4F7556}") = "mgmt-web", "web-apps\mgmt-web\mgmt-web.csproj", "{5F091DF6-3BB3-429A-A92F-CEAE0FD1C298}"
EndProject
Project("{FAE04EC0-301F-11D3-BF4B-00C04F79EFBC}") = "public-web", "web-apps\public-web\public-web.csproj", "{8B9242DC-8A6A-41A3-BC39-7CC115265512}"
EndProject
Project("{FAE04EC0-301F-11D3-BF4B-00C04F79EFBC}") = "admin-web", "web-apps\admin-web\admin-web.csproj", "{1086629F-1324-4295-827D-E106D8461E2C}"
EndProject
Project("{FAE04EC0-301F-11D3-BF4B-00C04F79EFBC}") = "repository-webapi", "web-apps\repository-webapi\repository-webapi.csproj", "{6377738C-C8E3-44D2-9A46-05D84C8CA402}"
EndProject
Project("{FAE04EC0-301F-11D3-BF4B-00C04F79EFBC}") = "bansync-func", "function-apps\bansync-func\bansync-func.csproj", "{98197FB9-5C52-4CB0-94A7-B88A94A22F03}"
EndProject
Global
	GlobalSection(SolutionConfigurationPlatforms) = preSolution
		Debug|Any CPU = Debug|Any CPU
		Release|Any CPU = Release|Any CPU
	EndGlobalSection
	GlobalSection(ProjectConfigurationPlatforms) = postSolution
		{E6FBD046-FA37-4C0D-98F4-70009A68AD59}.Debug|Any CPU.ActiveCfg = Debug|Any CPU
		{E6FBD046-FA37-4C0D-98F4-70009A68AD59}.Debug|Any CPU.Build.0 = Debug|Any CPU
		{E6FBD046-FA37-4C0D-98F4-70009A68AD59}.Release|Any CPU.ActiveCfg = Release|Any CPU
		{E6FBD046-FA37-4C0D-98F4-70009A68AD59}.Release|Any CPU.Build.0 = Release|Any CPU
		{20FFC99E-4F9E-4E08-875C-15142FD888CD}.Debug|Any CPU.ActiveCfg = Debug|Any CPU
		{20FFC99E-4F9E-4E08-875C-15142FD888CD}.Debug|Any CPU.Build.0 = Debug|Any CPU
		{20FFC99E-4F9E-4E08-875C-15142FD888CD}.Debug|Any CPU.Deploy.0 = Debug|Any CPU
		{20FFC99E-4F9E-4E08-875C-15142FD888CD}.Release|Any CPU.ActiveCfg = Release|Any CPU
		{20FFC99E-4F9E-4E08-875C-15142FD888CD}.Release|Any CPU.Build.0 = Release|Any CPU
		{20FFC99E-4F9E-4E08-875C-15142FD888CD}.Release|Any CPU.Deploy.0 = Release|Any CPU
		{219F31D3-9A31-422B-B67C-D46C93DC6E68}.Debug|Any CPU.ActiveCfg = Debug|Any CPU
		{219F31D3-9A31-422B-B67C-D46C93DC6E68}.Debug|Any CPU.Build.0 = Debug|Any CPU
		{219F31D3-9A31-422B-B67C-D46C93DC6E68}.Release|Any CPU.ActiveCfg = Release|Any CPU
		{219F31D3-9A31-422B-B67C-D46C93DC6E68}.Release|Any CPU.Build.0 = Release|Any CPU
		{F3D2394D-BCB3-4D59-A1F0-26AE52F843F4}.Debug|Any CPU.ActiveCfg = Debug|Any CPU
		{F3D2394D-BCB3-4D59-A1F0-26AE52F843F4}.Debug|Any CPU.Build.0 = Debug|Any CPU
		{F3D2394D-BCB3-4D59-A1F0-26AE52F843F4}.Release|Any CPU.ActiveCfg = Release|Any CPU
		{F3D2394D-BCB3-4D59-A1F0-26AE52F843F4}.Release|Any CPU.Build.0 = Release|Any CPU
		{DA5EF441-43CF-444E-A05F-210C33BDF1C0}.Debug|Any CPU.ActiveCfg = Debug|Any CPU
		{DA5EF441-43CF-444E-A05F-210C33BDF1C0}.Debug|Any CPU.Build.0 = Debug|Any CPU
		{DA5EF441-43CF-444E-A05F-210C33BDF1C0}.Release|Any CPU.ActiveCfg = Release|Any CPU
		{DA5EF441-43CF-444E-A05F-210C33BDF1C0}.Release|Any CPU.Build.0 = Release|Any CPU
		{74411F19-8CC1-4C20-9A68-95C0FB056BEC}.Debug|Any CPU.ActiveCfg = Debug|Any CPU
		{74411F19-8CC1-4C20-9A68-95C0FB056BEC}.Debug|Any CPU.Build.0 = Debug|Any CPU
		{74411F19-8CC1-4C20-9A68-95C0FB056BEC}.Release|Any CPU.ActiveCfg = Release|Any CPU
		{74411F19-8CC1-4C20-9A68-95C0FB056BEC}.Release|Any CPU.Build.0 = Release|Any CPU
		{5F091DF6-3BB3-429A-A92F-CEAE0FD1C298}.Debug|Any CPU.ActiveCfg = Debug|Any CPU
		{5F091DF6-3BB3-429A-A92F-CEAE0FD1C298}.Debug|Any CPU.Build.0 = Debug|Any CPU
		{5F091DF6-3BB3-429A-A92F-CEAE0FD1C298}.Release|Any CPU.ActiveCfg = Release|Any CPU
		{5F091DF6-3BB3-429A-A92F-CEAE0FD1C298}.Release|Any CPU.Build.0 = Release|Any CPU
		{8B9242DC-8A6A-41A3-BC39-7CC115265512}.Debug|Any CPU.ActiveCfg = Debug|Any CPU
		{8B9242DC-8A6A-41A3-BC39-7CC115265512}.Debug|Any CPU.Build.0 = Debug|Any CPU
		{8B9242DC-8A6A-41A3-BC39-7CC115265512}.Release|Any CPU.ActiveCfg = Release|Any CPU
		{8B9242DC-8A6A-41A3-BC39-7CC115265512}.Release|Any CPU.Build.0 = Release|Any CPU
		{1086629F-1324-4295-827D-E106D8461E2C}.Debug|Any CPU.ActiveCfg = Debug|Any CPU
		{1086629F-1324-4295-827D-E106D8461E2C}.Debug|Any CPU.Build.0 = Debug|Any CPU
		{1086629F-1324-4295-827D-E106D8461E2C}.Release|Any CPU.ActiveCfg = Release|Any CPU
		{1086629F-1324-4295-827D-E106D8461E2C}.Release|Any CPU.Build.0 = Release|Any CPU
		{6377738C-C8E3-44D2-9A46-05D84C8CA402}.Debug|Any CPU.ActiveCfg = Debug|Any CPU
		{6377738C-C8E3-44D2-9A46-05D84C8CA402}.Debug|Any CPU.Build.0 = Debug|Any CPU
		{6377738C-C8E3-44D2-9A46-05D84C8CA402}.Release|Any CPU.ActiveCfg = Release|Any CPU
		{6377738C-C8E3-44D2-9A46-05D84C8CA402}.Release|Any CPU.Build.0 = Release|Any CPU
		{98197FB9-5C52-4CB0-94A7-B88A94A22F03}.Debug|Any CPU.ActiveCfg = Debug|Any CPU
		{98197FB9-5C52-4CB0-94A7-B88A94A22F03}.Debug|Any CPU.Build.0 = Debug|Any CPU
		{98197FB9-5C52-4CB0-94A7-B88A94A22F03}.Release|Any CPU.ActiveCfg = Release|Any CPU
		{98197FB9-5C52-4CB0-94A7-B88A94A22F03}.Release|Any CPU.Build.0 = Release|Any CPU
	EndGlobalSection
	GlobalSection(SolutionProperties) = preSolution
		HideSolutionNode = FALSE
	EndGlobalSection
	GlobalSection(NestedProjects) = preSolution
		{E6FBD046-FA37-4C0D-98F4-70009A68AD59} = {49F31E62-F0C3-4CE6-B16B-4A5AFB79521C}
		{20FFC99E-4F9E-4E08-875C-15142FD888CD} = {0A509F20-F215-4C19-8986-1A72A5FF6C57}
		{219F31D3-9A31-422B-B67C-D46C93DC6E68} = {5D0C3465-A397-49DD-B8AF-1D63D2EE1FA2}
		{F3D2394D-BCB3-4D59-A1F0-26AE52F843F4} = {5D0C3465-A397-49DD-B8AF-1D63D2EE1FA2}
		{DA5EF441-43CF-444E-A05F-210C33BDF1C0} = {0A509F20-F215-4C19-8986-1A72A5FF6C57}
		{74411F19-8CC1-4C20-9A68-95C0FB056BEC} = {5D0C3465-A397-49DD-B8AF-1D63D2EE1FA2}
		{5F091DF6-3BB3-429A-A92F-CEAE0FD1C298} = {302EF151-8BFA-4B62-A19C-901F061EFEC6}
		{8B9242DC-8A6A-41A3-BC39-7CC115265512} = {302EF151-8BFA-4B62-A19C-901F061EFEC6}
		{1086629F-1324-4295-827D-E106D8461E2C} = {302EF151-8BFA-4B62-A19C-901F061EFEC6}
		{6377738C-C8E3-44D2-9A46-05D84C8CA402} = {302EF151-8BFA-4B62-A19C-901F061EFEC6}
		{98197FB9-5C52-4CB0-94A7-B88A94A22F03} = {5D0C3465-A397-49DD-B8AF-1D63D2EE1FA2}
	EndGlobalSection
	GlobalSection(ExtensibilityGlobals) = postSolution
		SolutionGuid = {EE8A46D4-3F77-4029-8B9B-9853D49C7E88}
	EndGlobalSection
EndGlobal
